
Microsoft Visual Studio Solution File, Format Version 12.00
# Visual Studio Version 17
VisualStudioVersion = 17.7.34031.279
MinimumVisualStudioVersion = 10.0.40219.1
Project("{9A19103F-16F7-4668-BE54-9A1E7A4F7556}") = "EFCore_Activity0201", "EFCore_Activity0201\EFCore_Activity0201.csproj", "{BE9EE4D6-B187-429F-8B13-E84EC2CE3403}"
EndProject
Project("{9A19103F-16F7-4668-BE54-9A1E7A4F7556}") = "EFCore_DBLibrary", "EFCore_DBLibrary\EFCore_DBLibrary.csproj", "{DE9541C4-4666-4F12-BF8A-6AC935D21D11}"
EndProject
Global
	GlobalSection(SolutionConfigurationPlatforms) = preSolution
		Debug|Any CPU = Debug|Any CPU
		Release|Any CPU = Release|Any CPU
	EndGlobalSection
	GlobalSection(ProjectConfigurationPlatforms) = postSolution
		{BE9EE4D6-B187-429F-8B13-E84EC2CE3403}.Debug|Any CPU.ActiveCfg = Debug|Any CPU
		{BE9EE4D6-B187-429F-8B13-E84EC2CE3403}.Debug|Any CPU.Build.0 = Debug|Any CPU
		{BE9EE4D6-B187-429F-8B13-E84EC2CE3403}.Release|Any CPU.ActiveCfg = Release|Any CPU
		{BE9EE4D6-B187-429F-8B13-E84EC2CE3403}.Release|Any CPU.Build.0 = Release|Any CPU
		{DE9541C4-4666-4F12-BF8A-6AC935D21D11}.Debug|Any CPU.ActiveCfg = Debug|Any CPU
		{DE9541C4-4666-4F12-BF8A-6AC935D21D11}.Debug|Any CPU.Build.0 = Debug|Any CPU
		{DE9541C4-4666-4F12-BF8A-6AC935D21D11}.Release|Any CPU.ActiveCfg = Release|Any CPU
		{DE9541C4-4666-4F12-BF8A-6AC935D21D11}.Release|Any CPU.Build.0 = Release|Any CPU
	EndGlobalSection
	GlobalSection(SolutionProperties) = preSolution
		HideSolutionNode = FALSE
	EndGlobalSection
	GlobalSection(ExtensibilityGlobals) = postSolution
		SolutionGuid = {4B80759E-DC05-4612-A801-DDCD60D0BE66}
	EndGlobalSection
EndGlobal
